
Microsoft Visual Studio Solution File, Format Version 12.00
# Visual Studio 2012
Project("{FAE04EC0-301F-11D3-BF4B-00C04F79EFBC}") = "SportsStoreApp.MVC.Domain", "SportsStoreApp.MVC.Domain\SportsStoreApp.MVC.Domain.csproj", "{637D9BCB-CE66-4916-B073-7976BF685D72}"
EndProject
Project("{FAE04EC0-301F-11D3-BF4B-00C04F79EFBC}") = "SportsStoreApp.MVC.UnitTests", "SportsStoreApp.MVC.UnitTests\SportsStoreApp.MVC.UnitTests.csproj", "{451BF291-03E5-43F1-9BB8-D1014AA2678E}"
EndProject
Project("{FAE04EC0-301F-11D3-BF4B-00C04F79EFBC}") = "SportsStoreApp.MVC.WebUI", "SportsStoreApp.MVC.WebUI\SportsStoreApp.MVC.WebUI.csproj", "{8818C906-3FCD-4E1B-8EC6-9304A53FA0C9}"
EndProject
Global
	GlobalSection(SolutionConfigurationPlatforms) = preSolution
		Debug|Any CPU = Debug|Any CPU
		Release|Any CPU = Release|Any CPU
	EndGlobalSection
	GlobalSection(ProjectConfigurationPlatforms) = postSolution
		{637D9BCB-CE66-4916-B073-7976BF685D72}.Debug|Any CPU.ActiveCfg = Debug|Any CPU
		{637D9BCB-CE66-4916-B073-7976BF685D72}.Debug|Any CPU.Build.0 = Debug|Any CPU
		{637D9BCB-CE66-4916-B073-7976BF685D72}.Release|Any CPU.ActiveCfg = Release|Any CPU
		{637D9BCB-CE66-4916-B073-7976BF685D72}.Release|Any CPU.Build.0 = Release|Any CPU
		{451BF291-03E5-43F1-9BB8-D1014AA2678E}.Debug|Any CPU.ActiveCfg = Debug|Any CPU
		{451BF291-03E5-43F1-9BB8-D1014AA2678E}.Debug|Any CPU.Build.0 = Debug|Any CPU
		{451BF291-03E5-43F1-9BB8-D1014AA2678E}.Release|Any CPU.ActiveCfg = Release|Any CPU
		{451BF291-03E5-43F1-9BB8-D1014AA2678E}.Release|Any CPU.Build.0 = Release|Any CPU
		{8818C906-3FCD-4E1B-8EC6-9304A53FA0C9}.Debug|Any CPU.ActiveCfg = Debug|Any CPU
		{8818C906-3FCD-4E1B-8EC6-9304A53FA0C9}.Debug|Any CPU.Build.0 = Debug|Any CPU
		{8818C906-3FCD-4E1B-8EC6-9304A53FA0C9}.Release|Any CPU.ActiveCfg = Release|Any CPU
		{8818C906-3FCD-4E1B-8EC6-9304A53FA0C9}.Release|Any CPU.Build.0 = Release|Any CPU
	EndGlobalSection
	GlobalSection(SolutionProperties) = preSolution
		HideSolutionNode = FALSE
	EndGlobalSection
EndGlobal
